
Microsoft Visual Studio Solution File, Format Version 12.00
# Visual Studio Version 17
VisualStudioVersion = 17.5.33414.496
MinimumVisualStudioVersion = 10.0.40219.1
Project("{FAE04EC0-301F-11D3-BF4B-00C04F79EFBC}") = "NaverTranslation", "NaverTranslation.csproj", "{CAF12DE6-E953-48C0-8B50-384DC0C7683B}"
EndProject
Global
	GlobalSection(SolutionConfigurationPlatforms) = preSolution
		Debug|Any CPU = Debug|Any CPU
		Release|Any CPU = Release|Any CPU
	EndGlobalSection
	GlobalSection(ProjectConfigurationPlatforms) = postSolution
		{CAF12DE6-E953-48C0-8B50-384DC0C7683B}.Debug|Any CPU.ActiveCfg = Debug|Any CPU
		{CAF12DE6-E953-48C0-8B50-384DC0C7683B}.Debug|Any CPU.Build.0 = Debug|Any CPU
		{CAF12DE6-E953-48C0-8B50-384DC0C7683B}.Release|Any CPU.ActiveCfg = Release|Any CPU
		{CAF12DE6-E953-48C0-8B50-384DC0C7683B}.Release|Any CPU.Build.0 = Release|Any CPU
	EndGlobalSection
	GlobalSection(SolutionProperties) = preSolution
		HideSolutionNode = FALSE
	EndGlobalSection
	GlobalSection(ExtensibilityGlobals) = postSolution
		SolutionGuid = {ADAE7E19-DAE2-4AE2-8811-85278C5EB00F}
	EndGlobalSection
EndGlobal
